
Microsoft Visual Studio Solution File, Format Version 12.00
# Visual Studio Version 17
VisualStudioVersion = 17.3.32819.101
MinimumVisualStudioVersion = 10.0.40219.1
Project("{9A19103F-16F7-4668-BE54-9A1E7A4F7556}") = "RazorPizzeria", "RazorPizzeria\RazorPizzeria.csproj", "{9A23972D-C547-4851-AECC-3C990FB4B892}"
EndProject
Global
	GlobalSection(SolutionConfigurationPlatforms) = preSolution
		Debug|Any CPU = Debug|Any CPU
		Release|Any CPU = Release|Any CPU
	EndGlobalSection
	GlobalSection(ProjectConfigurationPlatforms) = postSolution
		{9A23972D-C547-4851-AECC-3C990FB4B892}.Debug|Any CPU.ActiveCfg = Debug|Any CPU
		{9A23972D-C547-4851-AECC-3C990FB4B892}.Debug|Any CPU.Build.0 = Debug|Any CPU
		{9A23972D-C547-4851-AECC-3C990FB4B892}.Release|Any CPU.ActiveCfg = Release|Any CPU
		{9A23972D-C547-4851-AECC-3C990FB4B892}.Release|Any CPU.Build.0 = Release|Any CPU
	EndGlobalSection
	GlobalSection(SolutionProperties) = preSolution
		HideSolutionNode = FALSE
	EndGlobalSection
	GlobalSection(ExtensibilityGlobals) = postSolution
		SolutionGuid = {9994B76A-8864-426D-B041-385DE275BFE9}
	EndGlobalSection
EndGlobal
